
Microsoft Visual Studio Solution File, Format Version 12.00
# Visual Studio Version 17
VisualStudioVersion = 17.9.34701.34
MinimumVisualStudioVersion = 10.0.40219.1
Project("{FAE04EC0-301F-11D3-BF4B-00C04F79EFBC}") = "API", "API\API.csproj", "{790ED9EB-BC75-4EF3-AC9E-9CBB72BD2B2C}"
EndProject
Project("{FAE04EC0-301F-11D3-BF4B-00C04F79EFBC}") = "Business", "Business\Business.csproj", "{4CEBF79C-42B7-4E5E-9722-0689A539E508}"
EndProject
Project("{FAE04EC0-301F-11D3-BF4B-00C04F79EFBC}") = "DAL", "DAL\DAL.csproj", "{8F1DEB3A-729D-4390-8853-B6099A0DE54B}"
EndProject
Project("{FAE04EC0-301F-11D3-BF4B-00C04F79EFBC}") = "Common", "Common\Common.csproj", "{6DA54269-3A92-4748-914B-9805427C9FDD}"
EndProject
Global
	GlobalSection(SolutionConfigurationPlatforms) = preSolution
		Debug|Any CPU = Debug|Any CPU
		Release|Any CPU = Release|Any CPU
	EndGlobalSection
	GlobalSection(ProjectConfigurationPlatforms) = postSolution
		{790ED9EB-BC75-4EF3-AC9E-9CBB72BD2B2C}.Debug|Any CPU.ActiveCfg = Debug|Any CPU
		{790ED9EB-BC75-4EF3-AC9E-9CBB72BD2B2C}.Debug|Any CPU.Build.0 = Debug|Any CPU
		{790ED9EB-BC75-4EF3-AC9E-9CBB72BD2B2C}.Release|Any CPU.ActiveCfg = Release|Any CPU
		{790ED9EB-BC75-4EF3-AC9E-9CBB72BD2B2C}.Release|Any CPU.Build.0 = Release|Any CPU
		{4CEBF79C-42B7-4E5E-9722-0689A539E508}.Debug|Any CPU.ActiveCfg = Debug|Any CPU
		{4CEBF79C-42B7-4E5E-9722-0689A539E508}.Debug|Any CPU.Build.0 = Debug|Any CPU
		{4CEBF79C-42B7-4E5E-9722-0689A539E508}.Release|Any CPU.ActiveCfg = Release|Any CPU
		{4CEBF79C-42B7-4E5E-9722-0689A539E508}.Release|Any CPU.Build.0 = Release|Any CPU
		{8F1DEB3A-729D-4390-8853-B6099A0DE54B}.Debug|Any CPU.ActiveCfg = Debug|Any CPU
		{8F1DEB3A-729D-4390-8853-B6099A0DE54B}.Debug|Any CPU.Build.0 = Debug|Any CPU
		{8F1DEB3A-729D-4390-8853-B6099A0DE54B}.Release|Any CPU.ActiveCfg = Release|Any CPU
		{8F1DEB3A-729D-4390-8853-B6099A0DE54B}.Release|Any CPU.Build.0 = Release|Any CPU
		{6DA54269-3A92-4748-914B-9805427C9FDD}.Debug|Any CPU.ActiveCfg = Debug|Any CPU
		{6DA54269-3A92-4748-914B-9805427C9FDD}.Debug|Any CPU.Build.0 = Debug|Any CPU
		{6DA54269-3A92-4748-914B-9805427C9FDD}.Release|Any CPU.ActiveCfg = Release|Any CPU
		{6DA54269-3A92-4748-914B-9805427C9FDD}.Release|Any CPU.Build.0 = Release|Any CPU
	EndGlobalSection
	GlobalSection(SolutionProperties) = preSolution
		HideSolutionNode = FALSE
	EndGlobalSection
	GlobalSection(ExtensibilityGlobals) = postSolution
		SolutionGuid = {747FE3C0-DC2A-42FC-A293-29FB3220A161}
	EndGlobalSection
EndGlobal
